
Microsoft Visual Studio Solution File, Format Version 12.00
# Visual Studio 2013
VisualStudioVersion = 12.0.30501.0
MinimumVisualStudioVersion = 10.0.40219.1
Project("{FAE04EC0-301F-11D3-BF4B-00C04F79EFBC}") = "BethesosWebsite", "BethesosWebsite\BethesosWebsite.csproj", "{DFDA0ADC-0B11-4333-BF07-BB8E7186A7E5}"
EndProject
Project("{2150E333-8FDC-42A3-9474-1A3956D46DE8}") = "PublishScripts", "PublishScripts", "{4CA7321F-83D2-477B-A8C9-B6B321604716}"
	ProjectSection(SolutionItems) = preProject
		PublishScripts\AzureWebsitePublishModule.psm1 = PublishScripts\AzureWebsitePublishModule.psm1
		PublishScripts\Publish-WebApplicationWebsite.ps1 = PublishScripts\Publish-WebApplicationWebsite.ps1
	EndProjectSection
EndProject
Project("{2150E333-8FDC-42A3-9474-1A3956D46DE8}") = "Configurations", "Configurations", "{A5E9ED40-83AB-4F56-8D7E-44992489F81B}"
	ProjectSection(SolutionItems) = preProject
		PublishScripts\Configurations\BethesosWebsite-WAWS-dev.json = PublishScripts\Configurations\BethesosWebsite-WAWS-dev.json
	EndProjectSection
EndProject
Global
	GlobalSection(SolutionConfigurationPlatforms) = preSolution
		Debug|Any CPU = Debug|Any CPU
		Release|Any CPU = Release|Any CPU
	EndGlobalSection
	GlobalSection(ProjectConfigurationPlatforms) = postSolution
		{DFDA0ADC-0B11-4333-BF07-BB8E7186A7E5}.Debug|Any CPU.ActiveCfg = Debug|Any CPU
		{DFDA0ADC-0B11-4333-BF07-BB8E7186A7E5}.Debug|Any CPU.Build.0 = Debug|Any CPU
		{DFDA0ADC-0B11-4333-BF07-BB8E7186A7E5}.Release|Any CPU.ActiveCfg = Release|Any CPU
		{DFDA0ADC-0B11-4333-BF07-BB8E7186A7E5}.Release|Any CPU.Build.0 = Release|Any CPU
	EndGlobalSection
	GlobalSection(SolutionProperties) = preSolution
		HideSolutionNode = FALSE
	EndGlobalSection
	GlobalSection(NestedProjects) = preSolution
		{A5E9ED40-83AB-4F56-8D7E-44992489F81B} = {4CA7321F-83D2-477B-A8C9-B6B321604716}
	EndGlobalSection
EndGlobal
