
Microsoft Visual Studio Solution File, Format Version 12.00
# Visual Studio 2013
VisualStudioVersion = 12.0.30501.0
MinimumVisualStudioVersion = 10.0.40219.1
Project("{FAE04EC0-301F-11D3-BF4B-00C04F79EFBC}") = "BethesosWebsite", "BethesosWebsite\BethesosWebsite.csproj", "{47846F68-AA2F-4806-BD0E-CFFD29D8187F}"
EndProject
Project("{2150E333-8FDC-42A3-9474-1A3956D46DE8}") = "PublishScripts", "PublishScripts", "{4AC54795-510D-469D-B095-D1B96E1C84A8}"
	ProjectSection(SolutionItems) = preProject
		PublishScripts\AzureWebsitePublishModule.psm1 = PublishScripts\AzureWebsitePublishModule.psm1
		PublishScripts\Publish-WebApplicationWebsite.ps1 = PublishScripts\Publish-WebApplicationWebsite.ps1
	EndProjectSection
EndProject
Project("{2150E333-8FDC-42A3-9474-1A3956D46DE8}") = "Configurations", "Configurations", "{47CD2286-E3D3-4774-A660-6A6733986E70}"
	ProjectSection(SolutionItems) = preProject
		PublishScripts\Configurations\BethesosWebsite-WAWS-dev.json = PublishScripts\Configurations\BethesosWebsite-WAWS-dev.json
	EndProjectSection
EndProject
Global
	GlobalSection(SolutionConfigurationPlatforms) = preSolution
		Debug|Any CPU = Debug|Any CPU
		Release|Any CPU = Release|Any CPU
	EndGlobalSection
	GlobalSection(ProjectConfigurationPlatforms) = postSolution
		{47846F68-AA2F-4806-BD0E-CFFD29D8187F}.Debug|Any CPU.ActiveCfg = Debug|Any CPU
		{47846F68-AA2F-4806-BD0E-CFFD29D8187F}.Debug|Any CPU.Build.0 = Debug|Any CPU
		{47846F68-AA2F-4806-BD0E-CFFD29D8187F}.Release|Any CPU.ActiveCfg = Release|Any CPU
		{47846F68-AA2F-4806-BD0E-CFFD29D8187F}.Release|Any CPU.Build.0 = Release|Any CPU
	EndGlobalSection
	GlobalSection(SolutionProperties) = preSolution
		HideSolutionNode = FALSE
	EndGlobalSection
	GlobalSection(NestedProjects) = preSolution
		{47CD2286-E3D3-4774-A660-6A6733986E70} = {4AC54795-510D-469D-B095-D1B96E1C84A8}
	EndGlobalSection
EndGlobal
